
Microsoft Visual Studio Solution File, Format Version 12.00
# Visual Studio Version 16
VisualStudioVersion = 16.0.31205.134
MinimumVisualStudioVersion = 10.0.40219.1
Project("{2150E333-8FDC-42A3-9474-1A3956D46DE8}") = "Services", "Services", "{BB945CC3-E645-4184-BCAE-E9B818624E68}"
EndProject
Project("{2150E333-8FDC-42A3-9474-1A3956D46DE8}") = "Catalog", "Catalog", "{4F7F4140-0A0C-4976-B95F-343F07E34A19}"
EndProject
Project("{9A19103F-16F7-4668-BE54-9A1E7A4F7556}") = "Catalog.Api", "Services\Catalog\Catalog.Api\Catalog.Api.csproj", "{14824DA5-8336-4FB9-BF8E-7566228F1B69}"
EndProject
Project("{E53339B2-1760-4266-BCC7-CA923CBCF16C}") = "docker-compose", "docker-compose.dcproj", "{0BEBDE71-0BB3-4EEB-A862-CF8B33367AE1}"
EndProject
Global
	GlobalSection(SolutionConfigurationPlatforms) = preSolution
		Debug|Any CPU = Debug|Any CPU
		Release|Any CPU = Release|Any CPU
	EndGlobalSection
	GlobalSection(ProjectConfigurationPlatforms) = postSolution
		{14824DA5-8336-4FB9-BF8E-7566228F1B69}.Debug|Any CPU.ActiveCfg = Debug|Any CPU
		{14824DA5-8336-4FB9-BF8E-7566228F1B69}.Debug|Any CPU.Build.0 = Debug|Any CPU
		{14824DA5-8336-4FB9-BF8E-7566228F1B69}.Release|Any CPU.ActiveCfg = Release|Any CPU
		{14824DA5-8336-4FB9-BF8E-7566228F1B69}.Release|Any CPU.Build.0 = Release|Any CPU
		{0BEBDE71-0BB3-4EEB-A862-CF8B33367AE1}.Debug|Any CPU.ActiveCfg = Debug|Any CPU
		{0BEBDE71-0BB3-4EEB-A862-CF8B33367AE1}.Debug|Any CPU.Build.0 = Debug|Any CPU
		{0BEBDE71-0BB3-4EEB-A862-CF8B33367AE1}.Release|Any CPU.ActiveCfg = Release|Any CPU
		{0BEBDE71-0BB3-4EEB-A862-CF8B33367AE1}.Release|Any CPU.Build.0 = Release|Any CPU
	EndGlobalSection
	GlobalSection(SolutionProperties) = preSolution
		HideSolutionNode = FALSE
	EndGlobalSection
	GlobalSection(NestedProjects) = preSolution
		{4F7F4140-0A0C-4976-B95F-343F07E34A19} = {BB945CC3-E645-4184-BCAE-E9B818624E68}
		{14824DA5-8336-4FB9-BF8E-7566228F1B69} = {4F7F4140-0A0C-4976-B95F-343F07E34A19}
	EndGlobalSection
	GlobalSection(ExtensibilityGlobals) = postSolution
		SolutionGuid = {22813369-9C06-4C33-A694-182589CC82A1}
	EndGlobalSection
EndGlobal
